PODS:
  - FBRetainCycleDetector (1.0.1)

DEPENDENCIES:
  - FBRetainCycleDetector (from `https://github.com/Sandy-OIJ/FBRetainCycleDetector.git`)

EXTERNAL SOURCES:
  FBRetainCycleDetector:
    :git: https://github.com/Sandy-OIJ/FBRetainCycleDetector.git

CHECKOUT OPTIONS:
  FBRetainCycleDetector:
    :commit: b9d11523e7d21b105fcd2a6c80975283a705dfef
    :git: https://github.com/Sandy-OIJ/FBRetainCycleDetector.git

SPEC CHECKSUMS:
  FBRetainCycleDetector: e43296feacc3ff9cdfc8607aa1717f63615328ff

PODFILE CHECKSUM: 09304fbc8334cf3555bce90118f684dc0577a721

COCOAPODS: 1.11.3
